{
  "nodes": {
    "flake-utils": {
      "locked": {
        "lastModified": 1656928814,
        "narHash": "sha256-RIFfgBuKz6Hp89yRr7+NR5tzIAbn52h8vT6vXkYjZoM=",
        "owner": "numtide",
        "repo": "flake-utils",
        "rev": "7e2a3b3dfd9af950a856d66b0a7d01e3c18aa249",
        "type": "github"
      },
      "original": {
        "owner": "numtide",
        "repo": "flake-utils",
        "type": "github"
      }
    },
    "flake-utils_2": {
      "locked": {
        "lastModified": 1656065134,
        "narHash": "sha256-oc6E6ByIw3oJaIyc67maaFcnjYOz1mMcOtHxbEf9NwQ=",
        "owner": "numtide",
        "repo": "flake-utils",
        "rev": "bee6a7250dd1b01844a2de7e02e4df7d8a0a206c",
        "type": "github"
      },
      "original": {
        "owner": "numtide",
        "repo": "flake-utils",
        "type": "github"
      }
    },
    "nixpkgs": {
      "locked": {
        "lastModified": 1657976714,
        "narHash": "sha256-9bs4zc5Obm+BazuwT3yyWMp+K6ksSN9ucbbz/QIYI/Y=",
        "owner": "nixos",
        "repo": "nixpkgs",
        "rev": "8a356f3f5a29fb28f98eaeb131da186b36fd625f",
        "type": "github"
      },
      "original": {
        "owner": "nixos",
        "ref": "master",
        "repo": "nixpkgs",
        "type": "github"
      }
    },
    "nixpkgs_2": {
      "locked": {
        "lastModified": 1656401090,
        "narHash": "sha256-bUS2nfQsvTQW2z8SK7oEFSElbmoBahOPtbXPm0AL3I4=",
        "owner": "NixOS",
        "repo": "nixpkgs",
        "rev": "16de63fcc54e88b9a106a603038dd5dd2feb21eb",
        "type": "github"
      },
      "original": {
        "owner": "NixOS",
        "ref": "nixpkgs-unstable",
        "repo": "nixpkgs",
        "type": "github"
      }
    },
    "root": {
      "inputs": {
        "flake-utils": "flake-utils",
        "nixpkgs": "nixpkgs",
        "rust-overlay": "rust-overlay",
        "tauri-driver": "tauri-driver"
      }
    },
    "rust-overlay": {
      "inputs": {
        "flake-utils": "flake-utils_2",
        "nixpkgs": "nixpkgs_2"
      },
      "locked": {
        "lastModified": 1657939629,
        "narHash": "sha256-8lX/pZNetbLCN2cW/O+vUz1rG8ig4RaVX5PWe5m4VLA=",
        "owner": "oxalica",
        "repo": "rust-overlay",
        "rev": "2cd36d4aef875867ee1d7963541ccb3ae50b358c",
        "type": "github"
      },
      "original": {
        "owner": "oxalica",
        "repo": "rust-overlay",
        "type": "github"
      }
    },
    "tauri-driver": {
      "flake": false,
      "locked": {
        "lastModified": 1657834595,
        "narHash": "sha256-uUvMtOE+RgmfxicfizvOeG6w0IeAnNq7Z3U8JhWBOZc=",
        "owner": "tauri-apps",
        "repo": "tauri",
        "rev": "b1d53426d1481524961715ce537f92eca81ae34d",
        "type": "github"
      },
      "original": {
        "owner": "tauri-apps",
        "repo": "tauri",
        "type": "github"
      }
    }
  },
  "root": "root",
  "version": 7
}
